
Microsoft Visual Studio Solution File, Format Version 12.00
Project("{FAE04EC0-301F-11D3-BF4B-00C04F79EFBC}") = "NREPatch", "NREPatch\NREPatch.csproj", "{EFF918A5-0654-4AFD-A06A-F65218B35267}"
EndProject
Global
	GlobalSection(SolutionConfigurationPlatforms) = preSolution
		Debug|Any CPU = Debug|Any CPU
		Release|Any CPU = Release|Any CPU
	EndGlobalSection
	GlobalSection(ProjectConfigurationPlatforms) = postSolution
		{EFF918A5-0654-4AFD-A06A-F65218B35267}.Debug|Any CPU.ActiveCfg = Debug|Any CPU
		{EFF918A5-0654-4AFD-A06A-F65218B35267}.Debug|Any CPU.Build.0 = Debug|Any CPU
		{EFF918A5-0654-4AFD-A06A-F65218B35267}.Release|Any CPU.ActiveCfg = Release|Any CPU
		{EFF918A5-0654-4AFD-A06A-F65218B35267}.Release|Any CPU.Build.0 = Release|Any CPU
	EndGlobalSection
EndGlobal
